// !$*UTF8*$!
{
	archiveVersion = 1;
	classes = {
	};
	objectVersion = 50;
	objects = {

/* Begin PBXBuildFile section */
		491E7E0A223FF1BF004339C6 /* ClassroomStatsTableViewCell.swift in Sources */ = {isa = PBXBuildFile; fileRef = 491E7E09223FF1BF004339C6 /* ClassroomStatsTableViewCell.swift */; };
		4940C4BD225BA026005D52D4 /* CountParticipationTableViewCell.swift in Sources */ = {isa = PBXBuildFile; fileRef = 4940C4BC225BA026005D52D4 /* CountParticipationTableViewCell.swift */; };
		49CF5F9F21DFE74F0065B33A /* GlobalData.swift in Sources */ = {isa = PBXBuildFile; fileRef = 49CF5F9E21DFE74F0065B33A /* GlobalData.swift */; };
		49CF5FA121E795B70065B33A /* CollectionViewCell.swift in Sources */ = {isa = PBXBuildFile; fileRef = 49CF5FA021E795B70065B33A /* CollectionViewCell.swift */; };
		7BE401A421DD213000D0F8E7 /* AppDelegate.swift in Sources */ = {isa = PBXBuildFile; fileRef = 7BE401A321DD213000D0F8E7 /* AppDelegate.swift */; };
		7BE401A621DD213000D0F8E7 /* CountParticipationViewController.swift in Sources */ = {isa = PBXBuildFile; fileRef = 7BE401A521DD213000D0F8E7 /* CountParticipationViewController.swift */; };
		7BE401A821DD213000D0F8E7 /* ClassroomStatsViewController.swift in Sources */ = {isa = PBXBuildFile; fileRef = 7BE401A721DD213000D0F8E7 /* ClassroomStatsViewController.swift */; };
		7BE401AB21DD213000D0F8E7 /* Main.storyboard in Resources */ = {isa = PBXBuildFile; fileRef = 7BE401A921DD213000D0F8E7 /* Main.storyboard */; };
		7BE401AD21DD213000D0F8E7 /* Assets.xcassets in Resources */ = {isa = PBXBuildFile; fileRef = 7BE401AC21DD213000D0F8E7 /* Assets.xcassets */; };
		7BE401B021DD213000D0F8E7 /* LaunchScreen.storyboard in Resources */ = {isa = PBXBuildFile; fileRef = 7BE401AE21DD213000D0F8E7 /* LaunchScreen.storyboard */; };
		7BE401BB21DD213000D0F8E7 /* CountMe2019Tests.swift in Sources */ = {isa = PBXBuildFile; fileRef = 7BE401BA21DD213000D0F8E7 /* CountMe2019Tests.swift */; };
		7BE401C621DD213000D0F8E7 /* CountMe2019UITests.swift in Sources */ = {isa = PBXBuildFile; fileRef = 7BE401C521DD213000D0F8E7 /* CountMe2019UITests.swift */; };
		893919DB2243E62700F3DF40 /* EditStudentViewController.swift in Sources */ = {isa = PBXBuildFile; fileRef = 893919DA2243E62700F3DF40 /* EditStudentViewController.swift */; };
		895C5A91222EF35C00FB4DED /* DeleteClassViewController.swift in Sources */ = {isa = PBXBuildFile; fileRef = 895C5A90222EF35C00FB4DED /* DeleteClassViewController.swift */; };
		895C5A952230378400FB4DED /* AddStudentViewController.swift in Sources */ = {isa = PBXBuildFile; fileRef = 895C5A942230378400FB4DED /* AddStudentViewController.swift */; };
		E0531820223BF38F00CE0A28 /* DatePopUpViewController.swift in Sources */ = {isa = PBXBuildFile; fileRef = E053181F223BF38F00CE0A28 /* DatePopUpViewController.swift */; };
		E09A99DE228C68B700D9D350 /* GlobalPersistentData.swift in Sources */ = {isa = PBXBuildFile; fileRef = E09A99DD228C68B700D9D350 /* GlobalPersistentData.swift */; };
		E09A99E022A02F6300D9D350 /* ClassroomPersistentData.swift in Sources */ = {isa = PBXBuildFile; fileRef = E09A99DF22A02F6300D9D350 /* ClassroomPersistentData.swift */; };
		E09A99E222A02FD700D9D350 /* PersistentData.swift in Sources */ = {isa = PBXBuildFile; fileRef = E09A99E122A02FD700D9D350 /* PersistentData.swift */; };
		E0D7521321DE749700394DAA /* Student.swift in Sources */ = {isa = PBXBuildFile; fileRef = E0D7521221DE749700394DAA /* Student.swift */; };
		E0D7521521DE749F00394DAA /* Classroom.swift in Sources */ = {isa = PBXBuildFile; fileRef = E0D7521421DE749F00394DAA /* Classroom.swift */; };
		E0D7525321DFC25A00394DAA /* CreateClassViewController.swift in Sources */ = {isa = PBXBuildFile; fileRef = E0D7525221DFC25A00394DAA /* CreateClassViewController.swift */; };
		E0D7525521DFC35B00394DAA /* EditClassViewController.swift in Sources */ = {isa = PBXBuildFile; fileRef = E0D7525421DFC35B00394DAA /* EditClassViewController.swift */; };
/* End PBXBuildFile section */

/* Begin PBXContainerItemProxy section */
		7BE401B721DD213000D0F8E7 /* PBXContainerItemProxy */ = {
			isa = PBXContainerItemProxy;
			containerPortal = 7BE4019821DD212F00D0F8E7 /* Project object */;
			proxyType = 1;
			remoteGlobalIDString = 7BE4019F21DD213000D0F8E7;
			remoteInfo = CountMe2019;
		};
		7BE401C221DD213000D0F8E7 /* PBXContainerItemProxy */ = {
			isa = PBXContainerItemProxy;
			containerPortal = 7BE4019821DD212F00D0F8E7 /* Project object */;
			proxyType = 1;
			remoteGlobalIDString = 7BE4019F21DD213000D0F8E7;
			remoteInfo = CountMe2019;
		};
/* End PBXContainerItemProxy section */

/* Begin PBXFileReference section */
		491E7E09223FF1BF004339C6 /* ClassroomStatsTableViewCell.swift */ = {isa = PBXFileReference; lastKnownFileType = sourcecode.swift; path = ClassroomStatsTableViewCell.swift; sourceTree = "<group>"; };
		4940C4BC225BA026005D52D4 /* CountParticipationTableViewCell.swift */ = {isa = PBXFileReference; lastKnownFileType = sourcecode.swift; path = CountParticipationTableViewCell.swift; sourceTree = "<group>"; };
		49CF5F9E21DFE74F0065B33A /* GlobalData.swift */ = {isa = PBXFileReference; lastKnownFileType = sourcecode.swift; path = GlobalData.swift; sourceTree = "<group>"; };
		49CF5FA021E795B70065B33A /* CollectionViewCell.swift */ = {isa = PBXFileReference; lastKnownFileType = sourcecode.swift; path = CollectionViewCell.swift; sourceTree = "<group>"; };
		7BE401A021DD213000D0F8E7 /* CountMe2019.app */ = {isa = PBXFileReference; explicitFileType = wrapper.application; includeInIndex = 0; path = CountMe2019.app; sourceTree = BUILT_PRODUCTS_DIR; };
		7BE401A321DD213000D0F8E7 /* AppDelegate.swift */ = {isa = PBXFileReference; lastKnownFileType = sourcecode.swift; path = AppDelegate.swift; sourceTree = "<group>"; };
		7BE401A521DD213000D0F8E7 /* CountParticipationViewController.swift */ = {isa = PBXFileReference; lastKnownFileType = sourcecode.swift; path = CountParticipationViewController.swift; sourceTree = "<group>"; tabWidth = 3; };
		7BE401A721DD213000D0F8E7 /* ClassroomStatsViewController.swift */ = {isa = PBXFileReference; lastKnownFileType = sourcecode.swift; path = ClassroomStatsViewController.swift; sourceTree = "<group>"; };
		7BE401AA21DD213000D0F8E7 /* Base */ = {isa = PBXFileReference; lastKnownFileType = file.storyboard; name = Base; path = Base.lproj/Main.storyboard; sourceTree = "<group>"; };
		7BE401AC21DD213000D0F8E7 /* Assets.xcassets */ = {isa = PBXFileReference; lastKnownFileType = folder.assetcatalog; path = Assets.xcassets; sourceTree = "<group>"; };
		7BE401AF21DD213000D0F8E7 /* Base */ = {isa = PBXFileReference; lastKnownFileType = file.storyboard; name = Base; path = Base.lproj/LaunchScreen.storyboard; sourceTree = "<group>"; };
		7BE401B121DD213000D0F8E7 /* Info.plist */ = {isa = PBXFileReference; lastKnownFileType = text.plist.xml; path = Info.plist; sourceTree = "<group>"; };
		7BE401B621DD213000D0F8E7 /* CountMe2019Tests.xctest */ = {isa = PBXFileReference; explicitFileType = wrapper.cfbundle; includeInIndex = 0; path = CountMe2019Tests.xctest; sourceTree = BUILT_PRODUCTS_DIR; };
		7BE401BA21DD213000D0F8E7 /* CountMe2019Tests.swift */ = {isa = PBXFileReference; lastKnownFileType = sourcecode.swift; path = CountMe2019Tests.swift; sourceTree = "<group>"; };
		7BE401BC21DD213000D0F8E7 /* Info.plist */ = {isa = PBXFileReference; lastKnownFileType = text.plist.xml; path = Info.plist; sourceTree = "<group>"; };
		7BE401C121DD213000D0F8E7 /* CountMe2019UITests.xctest */ = {isa = PBXFileReference; explicitFileType = wrapper.cfbundle; includeInIndex = 0; path = CountMe2019UITests.xctest; sourceTree = BUILT_PRODUCTS_DIR; };
		7BE401C521DD213000D0F8E7 /* CountMe2019UITests.swift */ = {isa = PBXFileReference; lastKnownFileType = sourcecode.swift; path = CountMe2019UITests.swift; sourceTree = "<group>"; };
		7BE401C721DD213000D0F8E7 /* Info.plist */ = {isa = PBXFileReference; lastKnownFileType = text.plist.xml; path = Info.plist; sourceTree = "<group>"; };
		893919DA2243E62700F3DF40 /* EditStudentViewController.swift */ = {isa = PBXFileReference; lastKnownFileType = sourcecode.swift; path = EditStudentViewController.swift; sourceTree = "<group>"; };
		895C5A90222EF35C00FB4DED /* DeleteClassViewController.swift */ = {isa = PBXFileReference; lastKnownFileType = sourcecode.swift; path = DeleteClassViewController.swift; sourceTree = "<group>"; };
		895C5A942230378400FB4DED /* AddStudentViewController.swift */ = {isa = PBXFileReference; lastKnownFileType = sourcecode.swift; path = AddStudentViewController.swift; sourceTree = "<group>"; };
		E053181F223BF38F00CE0A28 /* DatePopUpViewController.swift */ = {isa = PBXFileReference; lastKnownFileType = sourcecode.swift; path = DatePopUpViewController.swift; sourceTree = "<group>"; };
		E09A99DD228C68B700D9D350 /* GlobalPersistentData.swift */ = {isa = PBXFileReference; lastKnownFileType = sourcecode.swift; path = GlobalPersistentData.swift; sourceTree = "<group>"; };
		E09A99DF22A02F6300D9D350 /* ClassroomPersistentData.swift */ = {isa = PBXFileReference; lastKnownFileType = sourcecode.swift; path = ClassroomPersistentData.swift; sourceTree = "<group>"; };
		E09A99E122A02FD700D9D350 /* PersistentData.swift */ = {isa = PBXFileReference; lastKnownFileType = sourcecode.swift; path = PersistentData.swift; sourceTree = "<group>"; };
		E0D7521221DE749700394DAA /* Student.swift */ = {isa = PBXFileReference; lastKnownFileType = sourcecode.swift; path = Student.swift; sourceTree = "<group>"; };
		E0D7521421DE749F00394DAA /* Classroom.swift */ = {isa = PBXFileReference; lastKnownFileType = sourcecode.swift; path = Classroom.swift; sourceTree = "<group>"; };
		E0D7525221DFC25A00394DAA /* CreateClassViewController.swift */ = {isa = PBXFileReference; lastKnownFileType = sourcecode.swift; path = CreateClassViewController.swift; sourceTree = "<group>"; };
		E0D7525421DFC35B00394DAA /* EditClassViewController.swift */ = {isa = PBXFileReference; lastKnownFileType = sourcecode.swift; path = EditClassViewController.swift; sourceTree = "<group>"; };
/* End PBXFileReference section */

/* Begin PBXFrameworksBuildPhase section */
		7BE4019D21DD213000D0F8E7 /* Frameworks */ = {
			isa = PBXFrameworksBuildPhase;
			buildActionMask = 2147483647;
			files = (
			);
			runOnlyForDeploymentPostprocessing = 0;
		};
		7BE401B321DD213000D0F8E7 /* Frameworks */ = {
			isa = PBXFrameworksBuildPhase;
			buildActionMask = 2147483647;
			files = (
			);
			runOnlyForDeploymentPostprocessing = 0;
		};
		7BE401BE21DD213000D0F8E7 /* Frameworks */ = {
			isa = PBXFrameworksBuildPhase;
			buildActionMask = 2147483647;
			files = (
			);
			runOnlyForDeploymentPostprocessing = 0;
		};
/* End PBXFrameworksBuildPhase section */

/* Begin PBXGroup section */
		7BE4019721DD212F00D0F8E7 = {
			isa = PBXGroup;
			children = (
				7BE401A221DD213000D0F8E7 /* CountMe2019 */,
				7BE401B921DD213000D0F8E7 /* CountMe2019Tests */,
				7BE401C421DD213000D0F8E7 /* CountMe2019UITests */,
				7BE401A121DD213000D0F8E7 /* Products */,
			);
			sourceTree = "<group>";
		};
		7BE401A121DD213000D0F8E7 /* Products */ = {
			isa = PBXGroup;
			children = (
				7BE401A021DD213000D0F8E7 /* CountMe2019.app */,
				7BE401B621DD213000D0F8E7 /* CountMe2019Tests.xctest */,
				7BE401C121DD213000D0F8E7 /* CountMe2019UITests.xctest */,
			);
			name = Products;
			sourceTree = "<group>";
		};
		7BE401A221DD213000D0F8E7 /* CountMe2019 */ = {
			isa = PBXGroup;
			children = (
				7BE401A321DD213000D0F8E7 /* AppDelegate.swift */,
				49CF5F9E21DFE74F0065B33A /* GlobalData.swift */,
				E09A99E122A02FD700D9D350 /* PersistentData.swift */,
				7BE401A521DD213000D0F8E7 /* CountParticipationViewController.swift */,
				4940C4BC225BA026005D52D4 /* CountParticipationTableViewCell.swift */,
				7BE401A721DD213000D0F8E7 /* ClassroomStatsViewController.swift */,
				491E7E09223FF1BF004339C6 /* ClassroomStatsTableViewCell.swift */,
				E0D7525421DFC35B00394DAA /* EditClassViewController.swift */,
				49CF5FA021E795B70065B33A /* CollectionViewCell.swift */,
				E0D7525221DFC25A00394DAA /* CreateClassViewController.swift */,
				7BE401A921DD213000D0F8E7 /* Main.storyboard */,
				893919DA2243E62700F3DF40 /* EditStudentViewController.swift */,
				E053181F223BF38F00CE0A28 /* DatePopUpViewController.swift */,
				895C5A942230378400FB4DED /* AddStudentViewController.swift */,
				895C5A90222EF35C00FB4DED /* DeleteClassViewController.swift */,
				7BE401AC21DD213000D0F8E7 /* Assets.xcassets */,
				7BE401AE21DD213000D0F8E7 /* LaunchScreen.storyboard */,
				7BE401B121DD213000D0F8E7 /* Info.plist */,
				E0D7521221DE749700394DAA /* Student.swift */,
				E0D7521421DE749F00394DAA /* Classroom.swift */,
				E09A99DF22A02F6300D9D350 /* ClassroomPersistentData.swift */,
				E09A99DD228C68B700D9D350 /* GlobalPersistentData.swift */,
			);
			path = CountMe2019;
			sourceTree = "<group>";
		};
		7BE401B921DD213000D0F8E7 /* CountMe2019Tests */ = {
			isa = PBXGroup;
			children = (
				7BE401BA21DD213000D0F8E7 /* CountMe2019Tests.swift */,
				7BE401BC21DD213000D0F8E7 /* Info.plist */,
			);
			path = CountMe2019Tests;
			sourceTree = "<group>";
		};
		7BE401C421DD213000D0F8E7 /* CountMe2019UITests */ = {
			isa = PBXGroup;
			children = (
				7BE401C521DD213000D0F8E7 /* CountMe2019UITests.swift */,
				7BE401C721DD213000D0F8E7 /* Info.plist */,
			);
			path = CountMe2019UITests;
			sourceTree = "<group>";
		};
/* End PBXGroup section */

/* Begin PBXNativeTarget section */
		7BE4019F21DD213000D0F8E7 /* CountMe2019 */ = {
			isa = PBXNativeTarget;
			buildConfigurationList = 7BE401CA21DD213000D0F8E7 /* Build configuration list for PBXNativeTarget "CountMe2019" */;
			buildPhases = (
				7BE4019C21DD213000D0F8E7 /* Sources */,
				7BE4019D21DD213000D0F8E7 /* Frameworks */,
				7BE4019E21DD213000D0F8E7 /* Resources */,
			);
			buildRules = (
			);
			dependencies = (
			);
			name = CountMe2019;
			productName = CountMe2019;
			productReference = 7BE401A021DD213000D0F8E7 /* CountMe2019.app */;
			productType = "com.apple.product-type.application";
		};
		7BE401B521DD213000D0F8E7 /* CountMe2019Tests */ = {
			isa = PBXNativeTarget;
			buildConfigurationList = 7BE401CD21DD213000D0F8E7 /* Build configuration list for PBXNativeTarget "CountMe2019Tests" */;
			buildPhases = (
				7BE401B221DD213000D0F8E7 /* Sources */,
				7BE401B321DD213000D0F8E7 /* Frameworks */,
				7BE401B421DD213000D0F8E7 /* Resources */,
			);
			buildRules = (
			);
			dependencies = (
				7BE401B821DD213000D0F8E7 /* PBXTargetDependency */,
			);
			name = CountMe2019Tests;
			productName = CountMe2019Tests;
			productReference = 7BE401B621DD213000D0F8E7 /* CountMe2019Tests.xctest */;
			productType = "com.apple.product-type.bundle.unit-test";
		};
		7BE401C021DD213000D0F8E7 /* CountMe2019UITests */ = {
			isa = PBXNativeTarget;
			buildConfigurationList = 7BE401D021DD213000D0F8E7 /* Build configuration list for PBXNativeTarget "CountMe2019UITests" */;
			buildPhases = (
				7BE401BD21DD213000D0F8E7 /* Sources */,
				7BE401BE21DD213000D0F8E7 /* Frameworks */,
				7BE401BF21DD213000D0F8E7 /* Resources */,
			);
			buildRules = (
			);
			dependencies = (
				7BE401C321DD213000D0F8E7 /* PBXTargetDependency */,
			);
			name = CountMe2019UITests;
			productName = CountMe2019UITests;
			productReference = 7BE401C121DD213000D0F8E7 /* CountMe2019UITests.xctest */;
			productType = "com.apple.product-type.bundle.ui-testing";
		};
/* End PBXNativeTarget section */

/* Begin PBXProject section */
		7BE4019821DD212F00D0F8E7 /* Project object */ = {
			isa = PBXProject;
			attributes = {
				LastSwiftUpdateCheck = 1010;
				LastUpgradeCheck = 1010;
				ORGANIZATIONNAME = District196.org;
				TargetAttributes = {
					7BE4019F21DD213000D0F8E7 = {
						CreatedOnToolsVersion = 10.1;
					};
					7BE401B521DD213000D0F8E7 = {
						CreatedOnToolsVersion = 10.1;
						TestTargetID = 7BE4019F21DD213000D0F8E7;
					};
					7BE401C021DD213000D0F8E7 = {
						CreatedOnToolsVersion = 10.1;
						TestTargetID = 7BE4019F21DD213000D0F8E7;
					};
				};
			};
			buildConfigurationList = 7BE4019B21DD212F00D0F8E7 /* Build configuration list for PBXProject "CountMe2019" */;
			compatibilityVersion = "Xcode 9.3";
			developmentRegion = en;
			hasScannedForEncodings = 0;
			knownRegions = (
				en,
				Base,
			);
			mainGroup = 7BE4019721DD212F00D0F8E7;
			productRefGroup = 7BE401A121DD213000D0F8E7 /* Products */;
			projectDirPath = "";
			projectRoot = "";
			targets = (
				7BE4019F21DD213000D0F8E7 /* CountMe2019 */,
				7BE401B521DD213000D0F8E7 /* CountMe2019Tests */,
				7BE401C021DD213000D0F8E7 /* CountMe2019UITests */,
			);
		};
/* End PBXProject section */

/* Begin PBXResourcesBuildPhase section */
		7BE4019E21DD213000D0F8E7 /* Resources */ = {
			isa = PBXResourcesBuildPhase;
			buildActionMask = 2147483647;
			files = (
				7BE401B021DD213000D0F8E7 /* LaunchScreen.storyboard in Resources */,
				7BE401AD21DD213000D0F8E7 /* Assets.xcassets in Resources */,
				7BE401AB21DD213000D0F8E7 /* Main.storyboard in Resources */,
			);
			runOnlyForDeploymentPostprocessing = 0;
		};
		7BE401B421DD213000D0F8E7 /* Resources */ = {
			isa = PBXResourcesBuildPhase;
			buildActionMask = 2147483647;
			files = (
			);
			runOnlyForDeploymentPostprocessing = 0;
		};
		7BE401BF21DD213000D0F8E7 /* Resources */ = {
			isa = PBXResourcesBuildPhase;
			buildActionMask = 2147483647;
			files = (
			);
			runOnlyForDeploymentPostprocessing = 0;
		};
/* End PBXResourcesBuildPhase section */

/* Begin PBXSourcesBuildPhase section */
		7BE4019C21DD213000D0F8E7 /* Sources */ = {
			isa = PBXSourcesBuildPhase;
			buildActionMask = 2147483647;
			files = (
				E0D7521521DE749F00394DAA /* Classroom.swift in Sources */,
				E09A99DE228C68B700D9D350 /* GlobalPersistentData.swift in Sources */,
				E0D7525521DFC35B00394DAA /* EditClassViewController.swift in Sources */,
				E09A99E022A02F6300D9D350 /* ClassroomPersistentData.swift in Sources */,
				491E7E0A223FF1BF004339C6 /* ClassroomStatsTableViewCell.swift in Sources */,
				49CF5FA121E795B70065B33A /* CollectionViewCell.swift in Sources */,
				7BE401A821DD213000D0F8E7 /* ClassroomStatsViewController.swift in Sources */,
				7BE401A421DD213000D0F8E7 /* AppDelegate.swift in Sources */,
				7BE401A621DD213000D0F8E7 /* CountParticipationViewController.swift in Sources */,
				E0531820223BF38F00CE0A28 /* DatePopUpViewController.swift in Sources */,
				E0D7521321DE749700394DAA /* Student.swift in Sources */,
				4940C4BD225BA026005D52D4 /* CountParticipationTableViewCell.swift in Sources */,
				E09A99E222A02FD700D9D350 /* PersistentData.swift in Sources */,
				893919DB2243E62700F3DF40 /* EditStudentViewController.swift in Sources */,
				49CF5F9F21DFE74F0065B33A /* GlobalData.swift in Sources */,
				895C5A91222EF35C00FB4DED /* DeleteClassViewController.swift in Sources */,
				E0D7525321DFC25A00394DAA /* CreateClassViewController.swift in Sources */,
				895C5A952230378400FB4DED /* AddStudentViewController.swift in Sources */,
			);
			runOnlyForDeploymentPostprocessing = 0;
		};
		7BE401B221DD213000D0F8E7 /* Sources */ = {
			isa = PBXSourcesBuildPhase;
			buildActionMask = 2147483647;
			files = (
				7BE401BB21DD213000D0F8E7 /* CountMe2019Tests.swift in Sources */,
			);
			runOnlyForDeploymentPostprocessing = 0;
		};
		7BE401BD21DD213000D0F8E7 /* Sources */ = {
			isa = PBXSourcesBuildPhase;
			buildActionMask = 2147483647;
			files = (
				7BE401C621DD213000D0F8E7 /* CountMe2019UITests.swift in Sources */,
			);
			runOnlyForDeploymentPostprocessing = 0;
		};
/* End PBXSourcesBuildPhase section */

/* Begin PBXTargetDependency section */
		7BE401B821DD213000D0F8E7 /* PBXTargetDependency */ = {
			isa = PBXTargetDependency;
			target = 7BE4019F21DD213000D0F8E7 /* CountMe2019 */;
			targetProxy = 7BE401B721DD213000D0F8E7 /* PBXContainerItemProxy */;
		};
		7BE401C321DD213000D0F8E7 /* PBXTargetDependency */ = {
			isa = PBXTargetDependency;
			target = 7BE4019F21DD213000D0F8E7 /* CountMe2019 */;
			targetProxy = 7BE401C221DD213000D0F8E7 /* PBXContainerItemProxy */;
		};
/* End PBXTargetDependency section */

/* Begin PBXVariantGroup section */
		7BE401A921DD213000D0F8E7 /* Main.storyboard */ = {
			isa = PBXVariantGroup;
			children = (
				7BE401AA21DD213000D0F8E7 /* Base */,
			);
			name = Main.storyboard;
			sourceTree = "<group>";
		};
		7BE401AE21DD213000D0F8E7 /* LaunchScreen.storyboard */ = {
			isa = PBXVariantGroup;
			children = (
				7BE401AF21DD213000D0F8E7 /* Base */,
			);
			name = LaunchScreen.storyboard;
			sourceTree = "<group>";
		};
/* End PBXVariantGroup section */

/* Begin XCBuildConfiguration section */
		7BE401C821DD213000D0F8E7 /* Debug */ = {
			isa = XCBuildConfiguration;
			buildSettings = {
				ALWAYS_SEARCH_USER_PATHS = NO;
				CLANG_ANALYZER_NONNULL = YES;
				CLANG_ANALYZER_NUMBER_OBJECT_CONVERSION = YES_AGGRESSIVE;
				CLANG_CXX_LANGUAGE_STANDARD = "gnu++14";
				CLANG_CXX_LIBRARY = "libc++";
				CLANG_ENABLE_MODULES = YES;
				CLANG_ENABLE_OBJC_ARC = YES;
				CLANG_ENABLE_OBJC_WEAK = YES;
				CLANG_WARN_BLOCK_CAPTURE_AUTORELEASING = YES;
				CLANG_WARN_BOOL_CONVERSION = YES;
				CLANG_WARN_COMMA = YES;
				CLANG_WARN_CONSTANT_CONVERSION = YES;
				CLANG_WARN_DEPRECATED_OBJC_IMPLEMENTATIONS = YES;
				CLANG_WARN_DIRECT_OBJC_ISA_USAGE = YES_ERROR;
				CLANG_WARN_DOCUMENTATION_COMMENTS = YES;
				CLANG_WARN_EMPTY_BODY = YES;
				CLANG_WARN_ENUM_CONVERSION = YES;
				CLANG_WARN_INFINITE_RECURSION = YES;
				CLANG_WARN_INT_CONVERSION = YES;
				CLANG_WARN_NON_LITERAL_NULL_CONVERSION = YES;
				CLANG_WARN_OBJC_IMPLICIT_RETAIN_SELF = YES;
				CLANG_WARN_OBJC_LITERAL_CONVERSION = YES;
				CLANG_WARN_OBJC_ROOT_CLASS = YES_ERROR;
				CLANG_WARN_RANGE_LOOP_ANALYSIS = YES;
				CLANG_WARN_STRICT_PROTOTYPES = YES;
				CLANG_WARN_SUSPICIOUS_MOVE = YES;
				CLANG_WARN_UNGUARDED_AVAILABILITY = YES_AGGRESSIVE;
				CLANG_WARN_UNREACHABLE_CODE = YES;
				CLANG_WARN__DUPLICATE_METHOD_MATCH = YES;
				CODE_SIGN_IDENTITY = "iPhone Developer";
				COPY_PHASE_STRIP = NO;
				DEBUG_INFORMATION_FORMAT = dwarf;
				ENABLE_STRICT_OBJC_MSGSEND = YES;
				ENABLE_TESTABILITY = YES;
				GCC_C_LANGUAGE_STANDARD = gnu11;
				GCC_DYNAMIC_NO_PIC = NO;
				GCC_NO_COMMON_BLOCKS = YES;
				GCC_OPTIMIZATION_LEVEL = 0;
				GCC_PREPROCESSOR_DEFINITIONS = (
					"DEBUG=1",
					"$(inherited)",
				);
				GCC_WARN_64_TO_32_BIT_CONVERSION = YES;
				GCC_WARN_ABOUT_RETURN_TYPE = YES_ERROR;
				GCC_WARN_UNDECLARED_SELECTOR = YES;
				GCC_WARN_UNINITIALIZED_AUTOS = YES_AGGRESSIVE;
				GCC_WARN_UNUSED_FUNCTION = YES;
				GCC_WARN_UNUSED_VARIABLE = YES;
				IPHONEOS_DEPLOYMENT_TARGET = 12.1;
				MTL_ENABLE_DEBUG_INFO = INCLUDE_SOURCE;
				MTL_FAST_MATH = YES;
				ONLY_ACTIVE_ARCH = YES;
				SDKROOT = iphoneos;
				SWIFT_ACTIVE_COMPILATION_CONDITIONS = DEBUG;
				SWIFT_OPTIMIZATION_LEVEL = "-Onone";
			};
			name = Debug;
		};
		7BE401C921DD213000D0F8E7 /* Release */ = {
			isa = XCBuildConfiguration;
			buildSettings = {
				ALWAYS_SEARCH_USER_PATHS = NO;
				CLANG_ANALYZER_NONNULL = YES;
				CLANG_ANALYZER_NUMBER_OBJECT_CONVERSION = YES_AGGRESSIVE;
				CLANG_CXX_LANGUAGE_STANDARD = "gnu++14";
				CLANG_CXX_LIBRARY = "libc++";
				CLANG_ENABLE_MODULES = YES;
				CLANG_ENABLE_OBJC_ARC = YES;
				CLANG_ENABLE_OBJC_WEAK = YES;
				CLANG_WARN_BLOCK_CAPTURE_AUTORELEASING = YES;
				CLANG_WARN_BOOL_CONVERSION = YES;
				CLANG_WARN_COMMA = YES;
				CLANG_WARN_CONSTANT_CONVERSION = YES;
				CLANG_WARN_DEPRECATED_OBJC_IMPLEMENTATIONS = YES;
				CLANG_WARN_DIRECT_OBJC_ISA_USAGE = YES_ERROR;
				CLANG_WARN_DOCUMENTATION_COMMENTS = YES;
				CLANG_WARN_EMPTY_BODY = YES;
				CLANG_WARN_ENUM_CONVERSION = YES;
				CLANG_WARN_INFINITE_RECURSION = YES;
				CLANG_WARN_INT_CONVERSION = YES;
				CLANG_WARN_NON_LITERAL_NULL_CONVERSION = YES;
				CLANG_WARN_OBJC_IMPLICIT_RETAIN_SELF = YES;
				CLANG_WARN_OBJC_LITERAL_CONVERSION = YES;
				CLANG_WARN_OBJC_ROOT_CLASS = YES_ERROR;
				CLANG_WARN_RANGE_LOOP_ANALYSIS = YES;
				CLANG_WARN_STRICT_PROTOTYPES = YES;
				CLANG_WARN_SUSPICIOUS_MOVE = YES;
				CLANG_WARN_UNGUARDED_AVAILABILITY = YES_AGGRESSIVE;
				CLANG_WARN_UNREACHABLE_CODE = YES;
				CLANG_WARN__DUPLICATE_METHOD_MATCH = YES;
				CODE_SIGN_IDENTITY = "iPhone Developer";
				COPY_PHASE_STRIP = NO;
				DEBUG_INFORMATION_FORMAT = "dwarf-with-dsym";
				ENABLE_NS_ASSERTIONS = NO;
				ENABLE_STRICT_OBJC_MSGSEND = YES;
				GCC_C_LANGUAGE_STANDARD = gnu11;
				GCC_NO_COMMON_BLOCKS = YES;
				GCC_WARN_64_TO_32_BIT_CONVERSION = YES;
				GCC_WARN_ABOUT_RETURN_TYPE = YES_ERROR;
				GCC_WARN_UNDECLARED_SELECTOR = YES;
				GCC_WARN_UNINITIALIZED_AUTOS = YES_AGGRESSIVE;
				GCC_WARN_UNUSED_FUNCTION = YES;
				GCC_WARN_UNUSED_VARIABLE = YES;
				IPHONEOS_DEPLOYMENT_TARGET = 12.1;
				MTL_ENABLE_DEBUG_INFO = NO;
				MTL_FAST_MATH = YES;
				SDKROOT = iphoneos;
				SWIFT_COMPILATION_MODE = wholemodule;
				SWIFT_OPTIMIZATION_LEVEL = "-O";
				VALIDATE_PRODUCT = YES;
			};
			name = Release;
		};
		7BE401CB21DD213000D0F8E7 /* Debug */ = {
			isa = XCBuildConfiguration;
			buildSettings = {
				ASSETCATALOG_COMPILER_APPICON_NAME = AppIcon;
				CODE_SIGN_STYLE = Automatic;
				DEVELOPMENT_TEAM = 96L2Y94678;
				INFOPLIST_FILE = CountMe2019/Info.plist;
				LD_RUNPATH_SEARCH_PATHS = (
					"$(inherited)",
					"@executable_path/Frameworks",
				);
				PRODUCT_BUNDLE_IDENTIFIER = org.district196.CountMe2019;
				PRODUCT_NAME = "$(TARGET_NAME)";
				SWIFT_VERSION = 4.2;
				TARGETED_DEVICE_FAMILY = "1,2";
			};
			name = Debug;
		};
		7BE401CC21DD213000D0F8E7 /* Release */ = {
			isa = XCBuildConfiguration;
			buildSettings = {
				ASSETCATALOG_COMPILER_APPICON_NAME = AppIcon;
				CODE_SIGN_STYLE = Automatic;
				DEVELOPMENT_TEAM = 96L2Y94678;
				INFOPLIST_FILE = CountMe2019/Info.plist;
				LD_RUNPATH_SEARCH_PATHS = (
					"$(inherited)",
					"@executable_path/Frameworks",
				);
				PRODUCT_BUNDLE_IDENTIFIER = org.district196.CountMe2019;
				PRODUCT_NAME = "$(TARGET_NAME)";
				SWIFT_VERSION = 4.2;
				TARGETED_DEVICE_FAMILY = "1,2";
			};
			name = Release;
		};
		7BE401CE21DD213000D0F8E7 /* Debug */ = {
			isa = XCBuildConfiguration;
			buildSettings = {
				ALWAYS_EMBED_SWIFT_STANDARD_LIBRARIES = YES;
				BUNDLE_LOADER = "$(TEST_HOST)";
				CODE_SIGN_STYLE = Automatic;
				INFOPLIST_FILE = CountMe2019Tests/Info.plist;
				LD_RUNPATH_SEARCH_PATHS = (
					"$(inherited)",
					"@executable_path/Frameworks",
					"@loader_path/Frameworks",
				);
				PRODUCT_BUNDLE_IDENTIFIER = org.district196.CountMe2019Tests;
				PRODUCT_NAME = "$(TARGET_NAME)";
				SWIFT_VERSION = 4.2;
				TARGETED_DEVICE_FAMILY = "1,2";
				TEST_HOST = "$(BUILT_PRODUCTS_DIR)/CountMe2019.app/CountMe2019";
			};
			name = Debug;
		};
		7BE401CF21DD213000D0F8E7 /* Release */ = {
			isa = XCBuildConfiguration;
			buildSettings = {
				ALWAYS_EMBED_SWIFT_STANDARD_LIBRARIES = YES;
				BUNDLE_LOADER = "$(TEST_HOST)";
				CODE_SIGN_STYLE = Automatic;
				INFOPLIST_FILE = CountMe2019Tests/Info.plist;
				LD_RUNPATH_SEARCH_PATHS = (
					"$(inherited)",
					"@executable_path/Frameworks",
					"@loader_path/Frameworks",
				);
				PRODUCT_BUNDLE_IDENTIFIER = org.district196.CountMe2019Tests;
				PRODUCT_NAME = "$(TARGET_NAME)";
				SWIFT_VERSION = 4.2;
				TARGETED_DEVICE_FAMILY = "1,2";
				TEST_HOST = "$(BUILT_PRODUCTS_DIR)/CountMe2019.app/CountMe2019";
			};
			name = Release;
		};
		7BE401D121DD213000D0F8E7 /* Debug */ = {
			isa = XCBuildConfiguration;
			buildSettings = {
				ALWAYS_EMBED_SWIFT_STANDARD_LIBRARIES = YES;
				CODE_SIGN_STYLE = Automatic;
				INFOPLIST_FILE = CountMe2019UITests/Info.plist;
				LD_RUNPATH_SEARCH_PATHS = (
					"$(inherited)",
					"@executable_path/Frameworks",
					"@loader_path/Frameworks",
				);
				PRODUCT_BUNDLE_IDENTIFIER = org.district196.CountMe2019UITests;
				PRODUCT_NAME = "$(TARGET_NAME)";
				SWIFT_VERSION = 4.2;
				TARGETED_DEVICE_FAMILY = "1,2";
				TEST_TARGET_NAME = CountMe2019;
			};
			name = Debug;
		};
		7BE401D221DD213000D0F8E7 /* Release */ = {
			isa = XCBuildConfiguration;
			buildSettings = {
				ALWAYS_EMBED_SWIFT_STANDARD_LIBRARIES = YES;
				CODE_SIGN_STYLE = Automatic;
				INFOPLIST_FILE = CountMe2019UITests/Info.plist;
				LD_RUNPATH_SEARCH_PATHS = (
					"$(inherited)",
					"@executable_path/Frameworks",
					"@loader_path/Frameworks",
				);
				PRODUCT_BUNDLE_IDENTIFIER = org.district196.CountMe2019UITests;
				PRODUCT_NAME = "$(TARGET_NAME)";
				SWIFT_VERSION = 4.2;
				TARGETED_DEVICE_FAMILY = "1,2";
				TEST_TARGET_NAME = CountMe2019;
			};
			name = Release;
		};
/* End XCBuildConfiguration section */

/* Begin XCConfigurationList section */
		7BE4019B21DD212F00D0F8E7 /* Build configuration list for PBXProject "CountMe2019" */ = {
			isa = XCConfigurationList;
			buildConfigurations = (
				7BE401C821DD213000D0F8E7 /* Debug */,
				7BE401C921DD213000D0F8E7 /* Release */,
			);
			defaultConfigurationIsVisible = 0;
			defaultConfigurationName = Release;
		};
		7BE401CA21DD213000D0F8E7 /* Build configuration list for PBXNativeTarget "CountMe2019" */ = {
			isa = XCConfigurationList;
			buildConfigurations = (
				7BE401CB21DD213000D0F8E7 /* Debug */,
				7BE401CC21DD213000D0F8E7 /* Release */,
			);
			defaultConfigurationIsVisible = 0;
			defaultConfigurationName = Release;
		};
		7BE401CD21DD213000D0F8E7 /* Build configuration list for PBXNativeTarget "CountMe2019Tests" */ = {
			isa = XCConfigurationList;
			buildConfigurations = (
				7BE401CE21DD213000D0F8E7 /* Debug */,
				7BE401CF21DD213000D0F8E7 /* Release */,
			);
			defaultConfigurationIsVisible = 0;
			defaultConfigurationName = Release;
		};
		7BE401D021DD213000D0F8E7 /* Build configuration list for PBXNativeTarget "CountMe2019UITests" */ = {
			isa = XCConfigurationList;
			buildConfigurations = (
				7BE401D121DD213000D0F8E7 /* Debug */,
				7BE401D221DD213000D0F8E7 /* Release */,
			);
			defaultConfigurationIsVisible = 0;
			defaultConfigurationName = Release;
		};
/* End XCConfigurationList section */
	};
	rootObject = 7BE4019821DD212F00D0F8E7 /* Project object */;
}
